
Microsoft Visual Studio Solution File, Format Version 12.00
# Visual Studio Version 17
VisualStudioVersion = 17.4.33122.133
MinimumVisualStudioVersion = 10.0.40219.1
Project("{FAE04EC0-301F-11D3-BF4B-00C04F79EFBC}") = "xNet", "xNet\xNet.csproj", "{1BD599BF-1704-44A6-B6D5-FCCF4E729BAB}"
EndProject
Global
	GlobalSection(SolutionConfigurationPlatforms) = preSolution
		Debug|Any CPU = Debug|Any CPU
		Release|Any CPU = Release|Any CPU
	EndGlobalSection
	GlobalSection(ProjectConfigurationPlatforms) = postSolution
		{1BD599BF-1704-44A6-B6D5-FCCF4E729BAB}.Debug|Any CPU.ActiveCfg = Debug|Any CPU
		{1BD599BF-1704-44A6-B6D5-FCCF4E729BAB}.Debug|Any CPU.Build.0 = Debug|Any CPU
		{1BD599BF-1704-44A6-B6D5-FCCF4E729BAB}.Release|Any CPU.ActiveCfg = Release|Any CPU
		{1BD599BF-1704-44A6-B6D5-FCCF4E729BAB}.Release|Any CPU.Build.0 = Release|Any CPU
	EndGlobalSection
	GlobalSection(SolutionProperties) = preSolution
		HideSolutionNode = FALSE
	EndGlobalSection
	GlobalSection(ExtensibilityGlobals) = postSolution
		SolutionGuid = {396B605B-408B-47E3-A0D1-3565FB0A01F9}
	EndGlobalSection
EndGlobal
